
Microsoft Visual Studio Solution File, Format Version 12.00
# Visual Studio 15
VisualStudioVersion = 15.0.27703.1
MinimumVisualStudioVersion = 10.0.40219.1
Project("{FAE04EC0-301F-11D3-BF4B-00C04F79EFBC}") = "HallTime", "HallTime\HallTime.csproj", "{CCBB1BEC-AB47-4555-A462-3313E9B62ABC}"
EndProject
Global
	GlobalSection(SolutionConfigurationPlatforms) = preSolution
		Debug|Any CPU = Debug|Any CPU
		Release|Any CPU = Release|Any CPU
	EndGlobalSection
	GlobalSection(ProjectConfigurationPlatforms) = postSolution
		{CCBB1BEC-AB47-4555-A462-3313E9B62ABC}.Debug|Any CPU.ActiveCfg = Debug|Any CPU
		{CCBB1BEC-AB47-4555-A462-3313E9B62ABC}.Debug|Any CPU.Build.0 = Debug|Any CPU
		{CCBB1BEC-AB47-4555-A462-3313E9B62ABC}.Release|Any CPU.ActiveCfg = Release|Any CPU
		{CCBB1BEC-AB47-4555-A462-3313E9B62ABC}.Release|Any CPU.Build.0 = Release|Any CPU
	EndGlobalSection
	GlobalSection(SolutionProperties) = preSolution
		HideSolutionNode = FALSE
	EndGlobalSection
	GlobalSection(ExtensibilityGlobals) = postSolution
		SolutionGuid = {A6412BF0-E40A-4725-914B-411618DFFCFC}
	EndGlobalSection
EndGlobal
